// !$*UTF8*$!
{
	archiveVersion = 1;
	classes = {
	};
	objectVersion = 50;
	objects = {

/* Begin PBXBuildFile section */
		189B791622FCA5E600F95E18 /* AppDelegate.swift in Sources */ = {isa = PBXBuildFile; fileRef = 189B791522FCA5E600F95E18 /* AppDelegate.swift */; };
		189B791822FCA5E600F95E18 /* ViewController.swift in Sources */ = {isa = PBXBuildFile; fileRef = 189B791722FCA5E600F95E18 /* ViewController.swift */; };
		189B791B22FCA5E600F95E18 /* Main.storyboard in Resources */ = {isa = PBXBuildFile; fileRef = 189B791922FCA5E600F95E18 /* Main.storyboard */; };
		189B791D22FCA5E800F95E18 /* Assets.xcassets in Resources */ = {isa = PBXBuildFile; fileRef = 189B791C22FCA5E800F95E18 /* Assets.xcassets */; };
		189B792022FCA5E800F95E18 /* LaunchScreen.storyboard in Resources */ = {isa = PBXBuildFile; fileRef = 189B791E22FCA5E800F95E18 /* LaunchScreen.storyboard */; };
		189B792B22FCA5E800F95E18 /* emojiappTests.swift in Sources */ = {isa = PBXBuildFile; fileRef = 189B792A22FCA5E800F95E18 /* emojiappTests.swift */; };
		189B793622FCA5E800F95E18 /* emojiappUITests.swift in Sources */ = {isa = PBXBuildFile; fileRef = 189B793522FCA5E800F95E18 /* emojiappUITests.swift */; };
/* End PBXBuildFile section */

/* Begin PBXContainerItemProxy section */
		189B792722FCA5E800F95E18 /* PBXContainerItemProxy */ = {
			isa = PBXContainerItemProxy;
			containerPortal = 189B790A22FCA5E600F95E18 /* Project object */;
			proxyType = 1;
			remoteGlobalIDString = 189B791122FCA5E600F95E18;
			remoteInfo = emojiapp;
		};
		189B793222FCA5E800F95E18 /* PBXContainerItemProxy */ = {
			isa = PBXContainerItemProxy;
			containerPortal = 189B790A22FCA5E600F95E18 /* Project object */;
			proxyType = 1;
			remoteGlobalIDString = 189B791122FCA5E600F95E18;
			remoteInfo = emojiapp;
		};
/* End PBXContainerItemProxy section */

/* Begin PBXFileReference section */
		189B791222FCA5E600F95E18 /* emojiapp.app */ = {isa = PBXFileReference; explicitFileType = wrapper.application; includeInIndex = 0; path = emojiapp.app; sourceTree = BUILT_PRODUCTS_DIR; };
		189B791522FCA5E600F95E18 /* AppDelegate.swift */ = {isa = PBXFileReference; lastKnownFileType = sourcecode.swift; path = AppDelegate.swift; sourceTree = "<group>"; };
		189B791722FCA5E600F95E18 /* ViewController.swift */ = {isa = PBXFileReference; lastKnownFileType = sourcecode.swift; path = ViewController.swift; sourceTree = "<group>"; };
		189B791A22FCA5E600F95E18 /* Base */ = {isa = PBXFileReference; lastKnownFileType = file.storyboard; name = Base; path = Base.lproj/Main.storyboard; sourceTree = "<group>"; };
		189B791C22FCA5E800F95E18 /* Assets.xcassets */ = {isa = PBXFileReference; lastKnownFileType = folder.assetcatalog; path = Assets.xcassets; sourceTree = "<group>"; };
		189B791F22FCA5E800F95E18 /* Base */ = {isa = PBXFileReference; lastKnownFileType = file.storyboard; name = Base; path = Base.lproj/LaunchScreen.storyboard; sourceTree = "<group>"; };
		189B792122FCA5E800F95E18 /* Info.plist */ = {isa = PBXFileReference; lastKnownFileType = text.plist.xml; path = Info.plist; sourceTree = "<group>"; };
		189B792622FCA5E800F95E18 /* emojiappTests.xctest */ = {isa = PBXFileReference; explicitFileType = wrapper.cfbundle; includeInIndex = 0; path = emojiappTests.xctest; sourceTree = BUILT_PRODUCTS_DIR; };
		189B792A22FCA5E800F95E18 /* emojiappTests.swift */ = {isa = PBXFileReference; lastKnownFileType = sourcecode.swift; path = emojiappTests.swift; sourceTree = "<group>"; };
		189B792C22FCA5E800F95E18 /* Info.plist */ = {isa = PBXFileReference; lastKnownFileType = text.plist.xml; path = Info.plist; sourceTree = "<group>"; };
		189B793122FCA5E800F95E18 /* emojiappUITests.xctest */ = {isa = PBXFileReference; explicitFileType = wrapper.cfbundle; includeInIndex = 0; path = emojiappUITests.xctest; sourceTree = BUILT_PRODUCTS_DIR; };
		189B793522FCA5E800F95E18 /* emojiappUITests.swift */ = {isa = PBXFileReference; lastKnownFileType = sourcecode.swift; path = emojiappUITests.swift; sourceTree = "<group>"; };
		189B793722FCA5E800F95E18 /* Info.plist */ = {isa = PBXFileReference; lastKnownFileType = text.plist.xml; path = Info.plist; sourceTree = "<group>"; };
/* End PBXFileReference section */

/* Begin PBXFrameworksBuildPhase section */
		189B790F22FCA5E600F95E18 /* Frameworks */ = {
			isa = PBXFrameworksBuildPhase;
			buildActionMask = 2147483647;
			files = (
			);
			runOnlyForDeploymentPostprocessing = 0;
		};
		189B792322FCA5E800F95E18 /* Frameworks */ = {
			isa = PBXFrameworksBuildPhase;
			buildActionMask = 2147483647;
			files = (
			);
			runOnlyForDeploymentPostprocessing = 0;
		};
		189B792E22FCA5E800F95E18 /* Frameworks */ = {
			isa = PBXFrameworksBuildPhase;
			buildActionMask = 2147483647;
			files = (
			);
			runOnlyForDeploymentPostprocessing = 0;
		};
/* End PBXFrameworksBuildPhase section */

/* Begin PBXGroup section */
		189B790922FCA5E600F95E18 = {
			isa = PBXGroup;
			children = (
				189B791422FCA5E600F95E18 /* emojiapp */,
				189B792922FCA5E800F95E18 /* emojiappTests */,
				189B793422FCA5E800F95E18 /* emojiappUITests */,
				189B791322FCA5E600F95E18 /* Products */,
			);
			sourceTree = "<group>";
		};
		189B791322FCA5E600F95E18 /* Products */ = {
			isa = PBXGroup;
			children = (
				189B791222FCA5E600F95E18 /* emojiapp.app */,
				189B792622FCA5E800F95E18 /* emojiappTests.xctest */,
				189B793122FCA5E800F95E18 /* emojiappUITests.xctest */,
			);
			name = Products;
			sourceTree = "<group>";
		};
		189B791422FCA5E600F95E18 /* emojiapp */ = {
			isa = PBXGroup;
			children = (
				189B791522FCA5E600F95E18 /* AppDelegate.swift */,
				189B791722FCA5E600F95E18 /* ViewController.swift */,
				189B791922FCA5E600F95E18 /* Main.storyboard */,
				189B791C22FCA5E800F95E18 /* Assets.xcassets */,
				189B791E22FCA5E800F95E18 /* LaunchScreen.storyboard */,
				189B792122FCA5E800F95E18 /* Info.plist */,
			);
			path = emojiapp;
			sourceTree = "<group>";
		};
		189B792922FCA5E800F95E18 /* emojiappTests */ = {
			isa = PBXGroup;
			children = (
				189B792A22FCA5E800F95E18 /* emojiappTests.swift */,
				189B792C22FCA5E800F95E18 /* Info.plist */,
			);
			path = emojiappTests;
			sourceTree = "<group>";
		};
		189B793422FCA5E800F95E18 /* emojiappUITests */ = {
			isa = PBXGroup;
			children = (
				189B793522FCA5E800F95E18 /* emojiappUITests.swift */,
				189B793722FCA5E800F95E18 /* Info.plist */,
			);
			path = emojiappUITests;
			sourceTree = "<group>";
		};
/* End PBXGroup section */

/* Begin PBXNativeTarget section */
		189B791122FCA5E600F95E18 /* emojiapp */ = {
			isa = PBXNativeTarget;
			buildConfigurationList = 189B793A22FCA5E800F95E18 /* Build configuration list for PBXNativeTarget "emojiapp" */;
			buildPhases = (
				189B790E22FCA5E600F95E18 /* Sources */,
				189B790F22FCA5E600F95E18 /* Frameworks */,
				189B791022FCA5E600F95E18 /* Resources */,
			);
			buildRules = (
			);
			dependencies = (
			);
			name = emojiapp;
			productName = emojiapp;
			productReference = 189B791222FCA5E600F95E18 /* emojiapp.app */;
			productType = "com.apple.product-type.application";
		};
		189B792522FCA5E800F95E18 /* emojiappTests */ = {
			isa = PBXNativeTarget;
			buildConfigurationList = 189B793D22FCA5E800F95E18 /* Build configuration list for PBXNativeTarget "emojiappTests" */;
			buildPhases = (
				189B792222FCA5E800F95E18 /* Sources */,
				189B792322FCA5E800F95E18 /* Frameworks */,
				189B792422FCA5E800F95E18 /* Resources */,
			);
			buildRules = (
			);
			dependencies = (
				189B792822FCA5E800F95E18 /* PBXTargetDependency */,
			);
			name = emojiappTests;
			productName = emojiappTests;
			productReference = 189B792622FCA5E800F95E18 /* emojiappTests.xctest */;
			productType = "com.apple.product-type.bundle.unit-test";
		};
		189B793022FCA5E800F95E18 /* emojiappUITests */ = {
			isa = PBXNativeTarget;
			buildConfigurationList = 189B794022FCA5E800F95E18 /* Build configuration list for PBXNativeTarget "emojiappUITests" */;
			buildPhases = (
				189B792D22FCA5E800F95E18 /* Sources */,
				189B792E22FCA5E800F95E18 /* Frameworks */,
				189B792F22FCA5E800F95E18 /* Resources */,
			);
			buildRules = (
			);
			dependencies = (
				189B793322FCA5E800F95E18 /* PBXTargetDependency */,
			);
			name = emojiappUITests;
			productName = emojiappUITests;
			productReference = 189B793122FCA5E800F95E18 /* emojiappUITests.xctest */;
			productType = "com.apple.product-type.bundle.ui-testing";
		};
/* End PBXNativeTarget section */

/* Begin PBXProject section */
		189B790A22FCA5E600F95E18 /* Project object */ = {
			isa = PBXProject;
			attributes = {
				LastSwiftUpdateCheck = 1020;
				LastUpgradeCheck = 1020;
				ORGANIZATIONNAME = KWK;
				TargetAttributes = {
					189B791122FCA5E600F95E18 = {
						CreatedOnToolsVersion = 10.2.1;
					};
					189B792522FCA5E800F95E18 = {
						CreatedOnToolsVersion = 10.2.1;
						TestTargetID = 189B791122FCA5E600F95E18;
					};
					189B793022FCA5E800F95E18 = {
						CreatedOnToolsVersion = 10.2.1;
						TestTargetID = 189B791122FCA5E600F95E18;
					};
				};
			};
			buildConfigurationList = 189B790D22FCA5E600F95E18 /* Build configuration list for PBXProject "emojiapp" */;
			compatibilityVersion = "Xcode 9.3";
			developmentRegion = en;
			hasScannedForEncodings = 0;
			knownRegions = (
				en,
				Base,
			);
			mainGroup = 189B790922FCA5E600F95E18;
			productRefGroup = 189B791322FCA5E600F95E18 /* Products */;
			projectDirPath = "";
			projectRoot = "";
			targets = (
				189B791122FCA5E600F95E18 /* emojiapp */,
				189B792522FCA5E800F95E18 /* emojiappTests */,
				189B793022FCA5E800F95E18 /* emojiappUITests */,
			);
		};
/* End PBXProject section */

/* Begin PBXResourcesBuildPhase section */
		189B791022FCA5E600F95E18 /* Resources */ = {
			isa = PBXResourcesBuildPhase;
			buildActionMask = 2147483647;
			files = (
				189B792022FCA5E800F95E18 /* LaunchScreen.storyboard in Resources */,
				189B791D22FCA5E800F95E18 /* Assets.xcassets in Resources */,
				189B791B22FCA5E600F95E18 /* Main.storyboard in Resources */,
			);
			runOnlyForDeploymentPostprocessing = 0;
		};
		189B792422FCA5E800F95E18 /* Resources */ = {
			isa = PBXResourcesBuildPhase;
			buildActionMask = 2147483647;
			files = (
			);
			runOnlyForDeploymentPostprocessing = 0;
		};
		189B792F22FCA5E800F95E18 /* Resources */ = {
			isa = PBXResourcesBuildPhase;
			buildActionMask = 2147483647;
			files = (
			);
			runOnlyForDeploymentPostprocessing = 0;
		};
/* End PBXResourcesBuildPhase section */

/* Begin PBXSourcesBuildPhase section */
		189B790E22FCA5E600F95E18 /* Sources */ = {
			isa = PBXSourcesBuildPhase;
			buildActionMask = 2147483647;
			files = (
				189B791822FCA5E600F95E18 /* ViewController.swift in Sources */,
				189B791622FCA5E600F95E18 /* AppDelegate.swift in Sources */,
			);
			runOnlyForDeploymentPostprocessing = 0;
		};
		189B792222FCA5E800F95E18 /* Sources */ = {
			isa = PBXSourcesBuildPhase;
			buildActionMask = 2147483647;
			files = (
				189B792B22FCA5E800F95E18 /* emojiappTests.swift in Sources */,
			);
			runOnlyForDeploymentPostprocessing = 0;
		};
		189B792D22FCA5E800F95E18 /* Sources */ = {
			isa = PBXSourcesBuildPhase;
			buildActionMask = 2147483647;
			files = (
				189B793622FCA5E800F95E18 /* emojiappUITests.swift in Sources */,
			);
			runOnlyForDeploymentPostprocessing = 0;
		};
/* End PBXSourcesBuildPhase section */

/* Begin PBXTargetDependency section */
		189B792822FCA5E800F95E18 /* PBXTargetDependency */ = {
			isa = PBXTargetDependency;
			target = 189B791122FCA5E600F95E18 /* emojiapp */;
			targetProxy = 189B792722FCA5E800F95E18 /* PBXContainerItemProxy */;
		};
		189B793322FCA5E800F95E18 /* PBXTargetDependency */ = {
			isa = PBXTargetDependency;
			target = 189B791122FCA5E600F95E18 /* emojiapp */;
			targetProxy = 189B793222FCA5E800F95E18 /* PBXContainerItemProxy */;
		};
/* End PBXTargetDependency section */

/* Begin PBXVariantGroup section */
		189B791922FCA5E600F95E18 /* Main.storyboard */ = {
			isa = PBXVariantGroup;
			children = (
				189B791A22FCA5E600F95E18 /* Base */,
			);
			name = Main.storyboard;
			sourceTree = "<group>";
		};
		189B791E22FCA5E800F95E18 /* LaunchScreen.storyboard */ = {
			isa = PBXVariantGroup;
			children = (
				189B791F22FCA5E800F95E18 /* Base */,
			);
			name = LaunchScreen.storyboard;
			sourceTree = "<group>";
		};
/* End PBXVariantGroup section */

/* Begin XCBuildConfiguration section */
		189B793822FCA5E800F95E18 /* Debug */ = {
			isa = XCBuildConfiguration;
			buildSettings = {
				ALWAYS_SEARCH_USER_PATHS = NO;
				CLANG_ANALYZER_NONNULL = YES;
				CLANG_ANALYZER_NUMBER_OBJECT_CONVERSION = YES_AGGRESSIVE;
				CLANG_CXX_LANGUAGE_STANDARD = "gnu++14";
				CLANG_CXX_LIBRARY = "libc++";
				CLANG_ENABLE_MODULES = YES;
				CLANG_ENABLE_OBJC_ARC = YES;
				CLANG_ENABLE_OBJC_WEAK = YES;
				CLANG_WARN_BLOCK_CAPTURE_AUTORELEASING = YES;
				CLANG_WARN_BOOL_CONVERSION = YES;
				CLANG_WARN_COMMA = YES;
				CLANG_WARN_CONSTANT_CONVERSION = YES;
				CLANG_WARN_DEPRECATED_OBJC_IMPLEMENTATIONS = YES;
				CLANG_WARN_DIRECT_OBJC_ISA_USAGE = YES_ERROR;
				CLANG_WARN_DOCUMENTATION_COMMENTS = YES;
				CLANG_WARN_EMPTY_BODY = YES;
				CLANG_WARN_ENUM_CONVERSION = YES;
				CLANG_WARN_INFINITE_RECURSION = YES;
				CLANG_WARN_INT_CONVERSION = YES;
				CLANG_WARN_NON_LITERAL_NULL_CONVERSION = YES;
				CLANG_WARN_OBJC_IMPLICIT_RETAIN_SELF = YES;
				CLANG_WARN_OBJC_LITERAL_CONVERSION = YES;
				CLANG_WARN_OBJC_ROOT_CLASS = YES_ERROR;
				CLANG_WARN_RANGE_LOOP_ANALYSIS = YES;
				CLANG_WARN_STRICT_PROTOTYPES = YES;
				CLANG_WARN_SUSPICIOUS_MOVE = YES;
				CLANG_WARN_UNGUARDED_AVAILABILITY = YES_AGGRESSIVE;
				CLANG_WARN_UNREACHABLE_CODE = YES;
				CLANG_WARN__DUPLICATE_METHOD_MATCH = YES;
				CODE_SIGN_IDENTITY = "iPhone Developer";
				COPY_PHASE_STRIP = NO;
				DEBUG_INFORMATION_FORMAT = dwarf;
				ENABLE_STRICT_OBJC_MSGSEND = YES;
				ENABLE_TESTABILITY = YES;
				GCC_C_LANGUAGE_STANDARD = gnu11;
				GCC_DYNAMIC_NO_PIC = NO;
				GCC_NO_COMMON_BLOCKS = YES;
				GCC_OPTIMIZATION_LEVEL = 0;
				GCC_PREPROCESSOR_DEFINITIONS = (
					"DEBUG=1",
					"$(inherited)",
				);
				GCC_WARN_64_TO_32_BIT_CONVERSION = YES;
				GCC_WARN_ABOUT_RETURN_TYPE = YES_ERROR;
				GCC_WARN_UNDECLARED_SELECTOR = YES;
				GCC_WARN_UNINITIALIZED_AUTOS = YES_AGGRESSIVE;
				GCC_WARN_UNUSED_FUNCTION = YES;
				GCC_WARN_UNUSED_VARIABLE = YES;
				IPHONEOS_DEPLOYMENT_TARGET = 12.2;
				MTL_ENABLE_DEBUG_INFO = INCLUDE_SOURCE;
				MTL_FAST_MATH = YES;
				ONLY_ACTIVE_ARCH = YES;
				SDKROOT = iphoneos;
				SWIFT_ACTIVE_COMPILATION_CONDITIONS = DEBUG;
				SWIFT_OPTIMIZATION_LEVEL = "-Onone";
			};
			name = Debug;
		};
		189B793922FCA5E800F95E18 /* Release */ = {
			isa = XCBuildConfiguration;
			buildSettings = {
				ALWAYS_SEARCH_USER_PATHS = NO;
				CLANG_ANALYZER_NONNULL = YES;
				CLANG_ANALYZER_NUMBER_OBJECT_CONVERSION = YES_AGGRESSIVE;
				CLANG_CXX_LANGUAGE_STANDARD = "gnu++14";
				CLANG_CXX_LIBRARY = "libc++";
				CLANG_ENABLE_MODULES = YES;
				CLANG_ENABLE_OBJC_ARC = YES;
				CLANG_ENABLE_OBJC_WEAK = YES;
				CLANG_WARN_BLOCK_CAPTURE_AUTORELEASING = YES;
				CLANG_WARN_BOOL_CONVERSION = YES;
				CLANG_WARN_COMMA = YES;
				CLANG_WARN_CONSTANT_CONVERSION = YES;
				CLANG_WARN_DEPRECATED_OBJC_IMPLEMENTATIONS = YES;
				CLANG_WARN_DIRECT_OBJC_ISA_USAGE = YES_ERROR;
				CLANG_WARN_DOCUMENTATION_COMMENTS = YES;
				CLANG_WARN_EMPTY_BODY = YES;
				CLANG_WARN_ENUM_CONVERSION = YES;
				CLANG_WARN_INFINITE_RECURSION = YES;
				CLANG_WARN_INT_CONVERSION = YES;
				CLANG_WARN_NON_LITERAL_NULL_CONVERSION = YES;
				CLANG_WARN_OBJC_IMPLICIT_RETAIN_SELF = YES;
				CLANG_WARN_OBJC_LITERAL_CONVERSION = YES;
				CLANG_WARN_OBJC_ROOT_CLASS = YES_ERROR;
				CLANG_WARN_RANGE_LOOP_ANALYSIS = YES;
				CLANG_WARN_STRICT_PROTOTYPES = YES;
				CLANG_WARN_SUSPICIOUS_MOVE = YES;
				CLANG_WARN_UNGUARDED_AVAILABILITY = YES_AGGRESSIVE;
				CLANG_WARN_UNREACHABLE_CODE = YES;
				CLANG_WARN__DUPLICATE_METHOD_MATCH = YES;
				CODE_SIGN_IDENTITY = "iPhone Developer";
				COPY_PHASE_STRIP = NO;
				DEBUG_INFORMATION_FORMAT = "dwarf-with-dsym";
				ENABLE_NS_ASSERTIONS = NO;
				ENABLE_STRICT_OBJC_MSGSEND = YES;
				GCC_C_LANGUAGE_STANDARD = gnu11;
				GCC_NO_COMMON_BLOCKS = YES;
				GCC_WARN_64_TO_32_BIT_CONVERSION = YES;
				GCC_WARN_ABOUT_RETURN_TYPE = YES_ERROR;
				GCC_WARN_UNDECLARED_SELECTOR = YES;
				GCC_WARN_UNINITIALIZED_AUTOS = YES_AGGRESSIVE;
				GCC_WARN_UNUSED_FUNCTION = YES;
				GCC_WARN_UNUSED_VARIABLE = YES;
				IPHONEOS_DEPLOYMENT_TARGET = 12.2;
				MTL_ENABLE_DEBUG_INFO = NO;
				MTL_FAST_MATH = YES;
				SDKROOT = iphoneos;
				SWIFT_COMPILATION_MODE = wholemodule;
				SWIFT_OPTIMIZATION_LEVEL = "-O";
				VALIDATE_PRODUCT = YES;
			};
			name = Release;
		};
		189B793B22FCA5E800F95E18 /* Debug */ = {
			isa = XCBuildConfiguration;
			buildSettings = {
				ASSETCATALOG_COMPILER_APPICON_NAME = AppIcon;
				CODE_SIGN_STYLE = Automatic;
				INFOPLIST_FILE = emojiapp/Info.plist;
				LD_RUNPATH_SEARCH_PATHS = (
					"$(inherited)",
					"@executable_path/Frameworks",
				);
				PRODUCT_BUNDLE_IDENTIFIER = Sumaia.emojiapp;
				PRODUCT_NAME = "$(TARGET_NAME)";
				SWIFT_VERSION = 5.0;
				TARGETED_DEVICE_FAMILY = "1,2";
			};
			name = Debug;
		};
		189B793C22FCA5E800F95E18 /* Release */ = {
			isa = XCBuildConfiguration;
			buildSettings = {
				ASSETCATALOG_COMPILER_APPICON_NAME = AppIcon;
				CODE_SIGN_STYLE = Automatic;
				INFOPLIST_FILE = emojiapp/Info.plist;
				LD_RUNPATH_SEARCH_PATHS = (
					"$(inherited)",
					"@executable_path/Frameworks",
				);
				PRODUCT_BUNDLE_IDENTIFIER = Sumaia.emojiapp;
				PRODUCT_NAME = "$(TARGET_NAME)";
				SWIFT_VERSION = 5.0;
				TARGETED_DEVICE_FAMILY = "1,2";
			};
			name = Release;
		};
		189B793E22FCA5E800F95E18 /* Debug */ = {
			isa = XCBuildConfiguration;
			buildSettings = {
				ALWAYS_EMBED_SWIFT_STANDARD_LIBRARIES = YES;
				BUNDLE_LOADER = "$(TEST_HOST)";
				CODE_SIGN_STYLE = Automatic;
				INFOPLIST_FILE = emojiappTests/Info.plist;
				LD_RUNPATH_SEARCH_PATHS = (
					"$(inherited)",
					"@executable_path/Frameworks",
					"@loader_path/Frameworks",
				);
				PRODUCT_BUNDLE_IDENTIFIER = Sumaia.emojiappTests;
				PRODUCT_NAME = "$(TARGET_NAME)";
				SWIFT_VERSION = 5.0;
				TARGETED_DEVICE_FAMILY = "1,2";
				TEST_HOST = "$(BUILT_PRODUCTS_DIR)/emojiapp.app/emojiapp";
			};
			name = Debug;
		};
		189B793F22FCA5E800F95E18 /* Release */ = {
			isa = XCBuildConfiguration;
			buildSettings = {
				ALWAYS_EMBED_SWIFT_STANDARD_LIBRARIES = YES;
				BUNDLE_LOADER = "$(TEST_HOST)";
				CODE_SIGN_STYLE = Automatic;
				INFOPLIST_FILE = emojiappTests/Info.plist;
				LD_RUNPATH_SEARCH_PATHS = (
					"$(inherited)",
					"@executable_path/Frameworks",
					"@loader_path/Frameworks",
				);
				PRODUCT_BUNDLE_IDENTIFIER = Sumaia.emojiappTests;
				PRODUCT_NAME = "$(TARGET_NAME)";
				SWIFT_VERSION = 5.0;
				TARGETED_DEVICE_FAMILY = "1,2";
				TEST_HOST = "$(BUILT_PRODUCTS_DIR)/emojiapp.app/emojiapp";
			};
			name = Release;
		};
		189B794122FCA5E800F95E18 /* Debug */ = {
			isa = XCBuildConfiguration;
			buildSettings = {
				ALWAYS_EMBED_SWIFT_STANDARD_LIBRARIES = YES;
				CODE_SIGN_STYLE = Automatic;
				INFOPLIST_FILE = emojiappUITests/Info.plist;
				LD_RUNPATH_SEARCH_PATHS = (
					"$(inherited)",
					"@executable_path/Frameworks",
					"@loader_path/Frameworks",
				);
				PRODUCT_BUNDLE_IDENTIFIER = Sumaia.emojiappUITests;
				PRODUCT_NAME = "$(TARGET_NAME)";
				SWIFT_VERSION = 5.0;
				TARGETED_DEVICE_FAMILY = "1,2";
				TEST_TARGET_NAME = emojiapp;
			};
			name = Debug;
		};
		189B794222FCA5E800F95E18 /* Release */ = {
			isa = XCBuildConfiguration;
			buildSettings = {
				ALWAYS_EMBED_SWIFT_STANDARD_LIBRARIES = YES;
				CODE_SIGN_STYLE = Automatic;
				INFOPLIST_FILE = emojiappUITests/Info.plist;
				LD_RUNPATH_SEARCH_PATHS = (
					"$(inherited)",
					"@executable_path/Frameworks",
					"@loader_path/Frameworks",
				);
				PRODUCT_BUNDLE_IDENTIFIER = Sumaia.emojiappUITests;
				PRODUCT_NAME = "$(TARGET_NAME)";
				SWIFT_VERSION = 5.0;
				TARGETED_DEVICE_FAMILY = "1,2";
				TEST_TARGET_NAME = emojiapp;
			};
			name = Release;
		};
/* End XCBuildConfiguration section */

/* Begin XCConfigurationList section */
		189B790D22FCA5E600F95E18 /* Build configuration list for PBXProject "emojiapp" */ = {
			isa = XCConfigurationList;
			buildConfigurations = (
				189B793822FCA5E800F95E18 /* Debug */,
				189B793922FCA5E800F95E18 /* Release */,
			);
			defaultConfigurationIsVisible = 0;
			defaultConfigurationName = Release;
		};
		189B793A22FCA5E800F95E18 /* Build configuration list for PBXNativeTarget "emojiapp" */ = {
			isa = XCConfigurationList;
			buildConfigurations = (
				189B793B22FCA5E800F95E18 /* Debug */,
				189B793C22FCA5E800F95E18 /* Release */,
			);
			defaultConfigurationIsVisible = 0;
			defaultConfigurationName = Release;
		};
		189B793D22FCA5E800F95E18 /* Build configuration list for PBXNativeTarget "emojiappTests" */ = {
			isa = XCConfigurationList;
			buildConfigurations = (
				189B793E22FCA5E800F95E18 /* Debug */,
				189B793F22FCA5E800F95E18 /* Release */,
			);
			defaultConfigurationIsVisible = 0;
			defaultConfigurationName = Release;
		};
		189B794022FCA5E800F95E18 /* Build configuration list for PBXNativeTarget "emojiappUITests" */ = {
			isa = XCConfigurationList;
			buildConfigurations = (
				189B794122FCA5E800F95E18 /* Debug */,
				189B794222FCA5E800F95E18 /* Release */,
			);
			defaultConfigurationIsVisible = 0;
			defaultConfigurationName = Release;
		};
/* End XCConfigurationList section */
	};
	rootObject = 189B790A22FCA5E600F95E18 /* Project object */;
}
